// !$*UTF8*$!
{
	archiveVersion = 1;
	classes = {
	};
	objectVersion = 55;
	objects = {

/* Begin PBXBuildFile section */
		CE66ACD42929729D0041813E /* AppDelegate.swift in Sources */ = {isa = PBXBuildFile; fileRef = CE66ACD32929729D0041813E /* AppDelegate.swift */; };
		CE66ACD62929729D0041813E /* SceneDelegate.swift in Sources */ = {isa = PBXBuildFile; fileRef = CE66ACD52929729D0041813E /* SceneDelegate.swift */; };
		CE66ACD82929729D0041813E /* ViewController.swift in Sources */ = {isa = PBXBuildFile; fileRef = CE66ACD72929729D0041813E /* ViewController.swift */; };
		CE66ACDB2929729D0041813E /* Main.storyboard in Resources */ = {isa = PBXBuildFile; fileRef = CE66ACD92929729D0041813E /* Main.storyboard */; };
		CE66ACDD2929729F0041813E /* Assets.xcassets in Resources */ = {isa = PBXBuildFile; fileRef = CE66ACDC2929729F0041813E /* Assets.xcassets */; };
		CE66ACE02929729F0041813E /* LaunchScreen.storyboard in Resources */ = {isa = PBXBuildFile; fileRef = CE66ACDE2929729F0041813E /* LaunchScreen.storyboard */; };
		CE66ACEB292972A00041813E /* tOSUQuizAppTests.swift in Sources */ = {isa = PBXBuildFile; fileRef = CE66ACEA292972A00041813E /* tOSUQuizAppTests.swift */; };
		CE66ACF5292972A00041813E /* tOSUQuizAppUITests.swift in Sources */ = {isa = PBXBuildFile; fileRef = CE66ACF4292972A00041813E /* tOSUQuizAppUITests.swift */; };
		CE66ACF7292972A00041813E /* tOSUQuizAppUITestsLaunchTests.swift in Sources */ = {isa = PBXBuildFile; fileRef = CE66ACF6292972A00041813E /* tOSUQuizAppUITestsLaunchTests.swift */; };
/* End PBXBuildFile section */

/* Begin PBXContainerItemProxy section */
		CE66ACE7292972A00041813E /* PBXContainerItemProxy */ = {
			isa = PBXContainerItemProxy;
			containerPortal = CE66ACC82929729D0041813E /* Project object */;
			proxyType = 1;
			remoteGlobalIDString = CE66ACCF2929729D0041813E;
			remoteInfo = tOSUQuizApp;
		};
		CE66ACF1292972A00041813E /* PBXContainerItemProxy */ = {
			isa = PBXContainerItemProxy;
			containerPortal = CE66ACC82929729D0041813E /* Project object */;
			proxyType = 1;
			remoteGlobalIDString = CE66ACCF2929729D0041813E;
			remoteInfo = tOSUQuizApp;
		};
/* End PBXContainerItemProxy section */

/* Begin PBXFileReference section */
		CE66ACD02929729D0041813E /* tOSUQuizApp.app */ = {isa = PBXFileReference; explicitFileType = wrapper.application; includeInIndex = 0; path = tOSUQuizApp.app; sourceTree = BUILT_PRODUCTS_DIR; };
		CE66ACD32929729D0041813E /* AppDelegate.swift */ = {isa = PBXFileReference; lastKnownFileType = sourcecode.swift; path = AppDelegate.swift; sourceTree = "<group>"; };
		CE66ACD52929729D0041813E /* SceneDelegate.swift */ = {isa = PBXFileReference; lastKnownFileType = sourcecode.swift; path = SceneDelegate.swift; sourceTree = "<group>"; };
		CE66ACD72929729D0041813E /* ViewController.swift */ = {isa = PBXFileReference; lastKnownFileType = sourcecode.swift; path = ViewController.swift; sourceTree = "<group>"; };
		CE66ACDA2929729D0041813E /* Base */ = {isa = PBXFileReference; lastKnownFileType = file.storyboard; name = Base; path = Base.lproj/Main.storyboard; sourceTree = "<group>"; };
		CE66ACDC2929729F0041813E /* Assets.xcassets */ = {isa = PBXFileReference; lastKnownFileType = folder.assetcatalog; path = Assets.xcassets; sourceTree = "<group>"; };
		CE66ACDF2929729F0041813E /* Base */ = {isa = PBXFileReference; lastKnownFileType = file.storyboard; name = Base; path = Base.lproj/LaunchScreen.storyboard; sourceTree = "<group>"; };
		CE66ACE12929729F0041813E /* Info.plist */ = {isa = PBXFileReference; lastKnownFileType = text.plist.xml; path = Info.plist; sourceTree = "<group>"; };
		CE66ACE6292972A00041813E /* tOSUQuizAppTests.xctest */ = {isa = PBXFileReference; explicitFileType = wrapper.cfbundle; includeInIndex = 0; path = tOSUQuizAppTests.xctest; sourceTree = BUILT_PRODUCTS_DIR; };
		CE66ACEA292972A00041813E /* tOSUQuizAppTests.swift */ = {isa = PBXFileReference; lastKnownFileType = sourcecode.swift; path = tOSUQuizAppTests.swift; sourceTree = "<group>"; };
		CE66ACF0292972A00041813E /* tOSUQuizAppUITests.xctest */ = {isa = PBXFileReference; explicitFileType = wrapper.cfbundle; includeInIndex = 0; path = tOSUQuizAppUITests.xctest; sourceTree = BUILT_PRODUCTS_DIR; };
		CE66ACF4292972A00041813E /* tOSUQuizAppUITests.swift */ = {isa = PBXFileReference; lastKnownFileType = sourcecode.swift; path = tOSUQuizAppUITests.swift; sourceTree = "<group>"; };
		CE66ACF6292972A00041813E /* tOSUQuizAppUITestsLaunchTests.swift */ = {isa = PBXFileReference; lastKnownFileType = sourcecode.swift; path = tOSUQuizAppUITestsLaunchTests.swift; sourceTree = "<group>"; };
/* End PBXFileReference section */

/* Begin PBXFrameworksBuildPhase section */
		CE66ACCD2929729D0041813E /* Frameworks */ = {
			isa = PBXFrameworksBuildPhase;
			buildActionMask = 2147483647;
			files = (
			);
			runOnlyForDeploymentPostprocessing = 0;
		};
		CE66ACE3292972A00041813E /* Frameworks */ = {
			isa = PBXFrameworksBuildPhase;
			buildActionMask = 2147483647;
			files = (
			);
			runOnlyForDeploymentPostprocessing = 0;
		};
		CE66ACED292972A00041813E /* Frameworks */ = {
			isa = PBXFrameworksBuildPhase;
			buildActionMask = 2147483647;
			files = (
			);
			runOnlyForDeploymentPostprocessing = 0;
		};
/* End PBXFrameworksBuildPhase section */

/* Begin PBXGroup section */
		CE66ACC72929729D0041813E = {
			isa = PBXGroup;
			children = (
				CE66ACD22929729D0041813E /* tOSUQuizApp */,
				CE66ACE9292972A00041813E /* tOSUQuizAppTests */,
				CE66ACF3292972A00041813E /* tOSUQuizAppUITests */,
				CE66ACD12929729D0041813E /* Products */,
			);
			sourceTree = "<group>";
		};
		CE66ACD12929729D0041813E /* Products */ = {
			isa = PBXGroup;
			children = (
				CE66ACD02929729D0041813E /* tOSUQuizApp.app */,
				CE66ACE6292972A00041813E /* tOSUQuizAppTests.xctest */,
				CE66ACF0292972A00041813E /* tOSUQuizAppUITests.xctest */,
			);
			name = Products;
			sourceTree = "<group>";
		};
		CE66ACD22929729D0041813E /* tOSUQuizApp */ = {
			isa = PBXGroup;
			children = (
				CE66ACD32929729D0041813E /* AppDelegate.swift */,
				CE66ACD52929729D0041813E /* SceneDelegate.swift */,
				CE66ACD72929729D0041813E /* ViewController.swift */,
				CE66ACD92929729D0041813E /* Main.storyboard */,
				CE66ACDC2929729F0041813E /* Assets.xcassets */,
				CE66ACDE2929729F0041813E /* LaunchScreen.storyboard */,
				CE66ACE12929729F0041813E /* Info.plist */,
			);
			path = tOSUQuizApp;
			sourceTree = "<group>";
		};
		CE66ACE9292972A00041813E /* tOSUQuizAppTests */ = {
			isa = PBXGroup;
			children = (
				CE66ACEA292972A00041813E /* tOSUQuizAppTests.swift */,
			);
			path = tOSUQuizAppTests;
			sourceTree = "<group>";
		};
		CE66ACF3292972A00041813E /* tOSUQuizAppUITests */ = {
			isa = PBXGroup;
			children = (
				CE66ACF4292972A00041813E /* tOSUQuizAppUITests.swift */,
				CE66ACF6292972A00041813E /* tOSUQuizAppUITestsLaunchTests.swift */,
			);
			path = tOSUQuizAppUITests;
			sourceTree = "<group>";
		};
/* End PBXGroup section */

/* Begin PBXNativeTarget section */
		CE66ACCF2929729D0041813E /* tOSUQuizApp */ = {
			isa = PBXNativeTarget;
			buildConfigurationList = CE66ACFA292972A00041813E /* Build configuration list for PBXNativeTarget "tOSUQuizApp" */;
			buildPhases = (
				CE66ACCC2929729D0041813E /* Sources */,
				CE66ACCD2929729D0041813E /* Frameworks */,
				CE66ACCE2929729D0041813E /* Resources */,
			);
			buildRules = (
			);
			dependencies = (
			);
			name = tOSUQuizApp;
			productName = tOSUQuizApp;
			productReference = CE66ACD02929729D0041813E /* tOSUQuizApp.app */;
			productType = "com.apple.product-type.application";
		};
		CE66ACE5292972A00041813E /* tOSUQuizAppTests */ = {
			isa = PBXNativeTarget;
			buildConfigurationList = CE66ACFD292972A00041813E /* Build configuration list for PBXNativeTarget "tOSUQuizAppTests" */;
			buildPhases = (
				CE66ACE2292972A00041813E /* Sources */,
				CE66ACE3292972A00041813E /* Frameworks */,
				CE66ACE4292972A00041813E /* Resources */,
			);
			buildRules = (
			);
			dependencies = (
				CE66ACE8292972A00041813E /* PBXTargetDependency */,
			);
			name = tOSUQuizAppTests;
			productName = tOSUQuizAppTests;
			productReference = CE66ACE6292972A00041813E /* tOSUQuizAppTests.xctest */;
			productType = "com.apple.product-type.bundle.unit-test";
		};
		CE66ACEF292972A00041813E /* tOSUQuizAppUITests */ = {
			isa = PBXNativeTarget;
			buildConfigurationList = CE66AD00292972A00041813E /* Build configuration list for PBXNativeTarget "tOSUQuizAppUITests" */;
			buildPhases = (
				CE66ACEC292972A00041813E /* Sources */,
				CE66ACED292972A00041813E /* Frameworks */,
				CE66ACEE292972A00041813E /* Resources */,
			);
			buildRules = (
			);
			dependencies = (
				CE66ACF2292972A00041813E /* PBXTargetDependency */,
			);
			name = tOSUQuizAppUITests;
			productName = tOSUQuizAppUITests;
			productReference = CE66ACF0292972A00041813E /* tOSUQuizAppUITests.xctest */;
			productType = "com.apple.product-type.bundle.ui-testing";
		};
/* End PBXNativeTarget section */

/* Begin PBXProject section */
		CE66ACC82929729D0041813E /* Project object */ = {
			isa = PBXProject;
			attributes = {
				BuildIndependentTargetsInParallel = 1;
				LastSwiftUpdateCheck = 1320;
				LastUpgradeCheck = 1320;
				TargetAttributes = {
					CE66ACCF2929729D0041813E = {
						CreatedOnToolsVersion = 13.2.1;
					};
					CE66ACE5292972A00041813E = {
						CreatedOnToolsVersion = 13.2.1;
						TestTargetID = CE66ACCF2929729D0041813E;
					};
					CE66ACEF292972A00041813E = {
						CreatedOnToolsVersion = 13.2.1;
						TestTargetID = CE66ACCF2929729D0041813E;
					};
				};
			};
			buildConfigurationList = CE66ACCB2929729D0041813E /* Build configuration list for PBXProject "tOSUQuizApp" */;
			compatibilityVersion = "Xcode 13.0";
			developmentRegion = en;
			hasScannedForEncodings = 0;
			knownRegions = (
				en,
				Base,
			);
			mainGroup = CE66ACC72929729D0041813E;
			productRefGroup = CE66ACD12929729D0041813E /* Products */;
			projectDirPath = "";
			projectRoot = "";
			targets = (
				CE66ACCF2929729D0041813E /* tOSUQuizApp */,
				CE66ACE5292972A00041813E /* tOSUQuizAppTests */,
				CE66ACEF292972A00041813E /* tOSUQuizAppUITests */,
			);
		};
/* End PBXProject section */

/* Begin PBXResourcesBuildPhase section */
		CE66ACCE2929729D0041813E /* Resources */ = {
			isa = PBXResourcesBuildPhase;
			buildActionMask = 2147483647;
			files = (
				CE66ACE02929729F0041813E /* LaunchScreen.storyboard in Resources */,
				CE66ACDD2929729F0041813E /* Assets.xcassets in Resources */,
				CE66ACDB2929729D0041813E /* Main.storyboard in Resources */,
			);
			runOnlyForDeploymentPostprocessing = 0;
		};
		CE66ACE4292972A00041813E /* Resources */ = {
			isa = PBXResourcesBuildPhase;
			buildActionMask = 2147483647;
			files = (
			);
			runOnlyForDeploymentPostprocessing = 0;
		};
		CE66ACEE292972A00041813E /* Resources */ = {
			isa = PBXResourcesBuildPhase;
			buildActionMask = 2147483647;
			files = (
			);
			runOnlyForDeploymentPostprocessing = 0;
		};
/* End PBXResourcesBuildPhase section */

/* Begin PBXSourcesBuildPhase section */
		CE66ACCC2929729D0041813E /* Sources */ = {
			isa = PBXSourcesBuildPhase;
			buildActionMask = 2147483647;
			files = (
				CE66ACD82929729D0041813E /* ViewController.swift in Sources */,
				CE66ACD42929729D0041813E /* AppDelegate.swift in Sources */,
				CE66ACD62929729D0041813E /* SceneDelegate.swift in Sources */,
			);
			runOnlyForDeploymentPostprocessing = 0;
		};
		CE66ACE2292972A00041813E /* Sources */ = {
			isa = PBXSourcesBuildPhase;
			buildActionMask = 2147483647;
			files = (
				CE66ACEB292972A00041813E /* tOSUQuizAppTests.swift in Sources */,
			);
			runOnlyForDeploymentPostprocessing = 0;
		};
		CE66ACEC292972A00041813E /* Sources */ = {
			isa = PBXSourcesBuildPhase;
			buildActionMask = 2147483647;
			files = (
				CE66ACF7292972A00041813E /* tOSUQuizAppUITestsLaunchTests.swift in Sources */,
				CE66ACF5292972A00041813E /* tOSUQuizAppUITests.swift in Sources */,
			);
			runOnlyForDeploymentPostprocessing = 0;
		};
/* End PBXSourcesBuildPhase section */

/* Begin PBXTargetDependency section */
		CE66ACE8292972A00041813E /* PBXTargetDependency */ = {
			isa = PBXTargetDependency;
			target = CE66ACCF2929729D0041813E /* tOSUQuizApp */;
			targetProxy = CE66ACE7292972A00041813E /* PBXContainerItemProxy */;
		};
		CE66ACF2292972A00041813E /* PBXTargetDependency */ = {
			isa = PBXTargetDependency;
			target = CE66ACCF2929729D0041813E /* tOSUQuizApp */;
			targetProxy = CE66ACF1292972A00041813E /* PBXContainerItemProxy */;
		};
/* End PBXTargetDependency section */

/* Begin PBXVariantGroup section */
		CE66ACD92929729D0041813E /* Main.storyboard */ = {
			isa = PBXVariantGroup;
			children = (
				CE66ACDA2929729D0041813E /* Base */,
			);
			name = Main.storyboard;
			sourceTree = "<group>";
		};
		CE66ACDE2929729F0041813E /* LaunchScreen.storyboard */ = {
			isa = PBXVariantGroup;
			children = (
				CE66ACDF2929729F0041813E /* Base */,
			);
			name = LaunchScreen.storyboard;
			sourceTree = "<group>";
		};
/* End PBXVariantGroup section */

/* Begin XCBuildConfiguration section */
		CE66ACF8292972A00041813E /* Debug */ = {
			isa = XCBuildConfiguration;
			buildSettings = {
				ALWAYS_SEARCH_USER_PATHS = NO;
				CLANG_ANALYZER_NONNULL = YES;
				CLANG_ANALYZER_NUMBER_OBJECT_CONVERSION = YES_AGGRESSIVE;
				CLANG_CXX_LANGUAGE_STANDARD = "gnu++17";
				CLANG_CXX_LIBRARY = "libc++";
				CLANG_ENABLE_MODULES = YES;
				CLANG_ENABLE_OBJC_ARC = YES;
				CLANG_ENABLE_OBJC_WEAK = YES;
				CLANG_WARN_BLOCK_CAPTURE_AUTORELEASING = YES;
				CLANG_WARN_BOOL_CONVERSION = YES;
				CLANG_WARN_COMMA = YES;
				CLANG_WARN_CONSTANT_CONVERSION = YES;
				CLANG_WARN_DEPRECATED_OBJC_IMPLEMENTATIONS = YES;
				CLANG_WARN_DIRECT_OBJC_ISA_USAGE = YES_ERROR;
				CLANG_WARN_DOCUMENTATION_COMMENTS = YES;
				CLANG_WARN_EMPTY_BODY = YES;
				CLANG_WARN_ENUM_CONVERSION = YES;
				CLANG_WARN_INFINITE_RECURSION = YES;
				CLANG_WARN_INT_CONVERSION = YES;
				CLANG_WARN_NON_LITERAL_NULL_CONVERSION = YES;
				CLANG_WARN_OBJC_IMPLICIT_RETAIN_SELF = YES;
				CLANG_WARN_OBJC_LITERAL_CONVERSION = YES;
				CLANG_WARN_OBJC_ROOT_CLASS = YES_ERROR;
				CLANG_WARN_QUOTED_INCLUDE_IN_FRAMEWORK_HEADER = YES;
				CLANG_WARN_RANGE_LOOP_ANALYSIS = YES;
				CLANG_WARN_STRICT_PROTOTYPES = YES;
				CLANG_WARN_SUSPICIOUS_MOVE = YES;
				CLANG_WARN_UNGUARDED_AVAILABILITY = YES_AGGRESSIVE;
				CLANG_WARN_UNREACHABLE_CODE = YES;
				CLANG_WARN__DUPLICATE_METHOD_MATCH = YES;
				COPY_PHASE_STRIP = NO;
				DEBUG_INFORMATION_FORMAT = dwarf;
				ENABLE_STRICT_OBJC_MSGSEND = YES;
				ENABLE_TESTABILITY = YES;
				GCC_C_LANGUAGE_STANDARD = gnu11;
				GCC_DYNAMIC_NO_PIC = NO;
				GCC_NO_COMMON_BLOCKS = YES;
				GCC_OPTIMIZATION_LEVEL = 0;
				GCC_PREPROCESSOR_DEFINITIONS = (
					"DEBUG=1",
					"$(inherited)",
				);
				GCC_WARN_64_TO_32_BIT_CONVERSION = YES;
				GCC_WARN_ABOUT_RETURN_TYPE = YES_ERROR;
				GCC_WARN_UNDECLARED_SELECTOR = YES;
				GCC_WARN_UNINITIALIZED_AUTOS = YES_AGGRESSIVE;
				GCC_WARN_UNUSED_FUNCTION = YES;
				GCC_WARN_UNUSED_VARIABLE = YES;
				IPHONEOS_DEPLOYMENT_TARGET = 15.2;
				MTL_ENABLE_DEBUG_INFO = INCLUDE_SOURCE;
				MTL_FAST_MATH = YES;
				ONLY_ACTIVE_ARCH = YES;
				SDKROOT = iphoneos;
				SWIFT_ACTIVE_COMPILATION_CONDITIONS = DEBUG;
				SWIFT_OPTIMIZATION_LEVEL = "-Onone";
			};
			name = Debug;
		};
		CE66ACF9292972A00041813E /* Release */ = {
			isa = XCBuildConfiguration;
			buildSettings = {
				ALWAYS_SEARCH_USER_PATHS = NO;
				CLANG_ANALYZER_NONNULL = YES;
				CLANG_ANALYZER_NUMBER_OBJECT_CONVERSION = YES_AGGRESSIVE;
				CLANG_CXX_LANGUAGE_STANDARD = "gnu++17";
				CLANG_CXX_LIBRARY = "libc++";
				CLANG_ENABLE_MODULES = YES;
				CLANG_ENABLE_OBJC_ARC = YES;
				CLANG_ENABLE_OBJC_WEAK = YES;
				CLANG_WARN_BLOCK_CAPTURE_AUTORELEASING = YES;
				CLANG_WARN_BOOL_CONVERSION = YES;
				CLANG_WARN_COMMA = YES;
				CLANG_WARN_CONSTANT_CONVERSION = YES;
				CLANG_WARN_DEPRECATED_OBJC_IMPLEMENTATIONS = YES;
				CLANG_WARN_DIRECT_OBJC_ISA_USAGE = YES_ERROR;
				CLANG_WARN_DOCUMENTATION_COMMENTS = YES;
				CLANG_WARN_EMPTY_BODY = YES;
				CLANG_WARN_ENUM_CONVERSION = YES;
				CLANG_WARN_INFINITE_RECURSION = YES;
				CLANG_WARN_INT_CONVERSION = YES;
				CLANG_WARN_NON_LITERAL_NULL_CONVERSION = YES;
				CLANG_WARN_OBJC_IMPLICIT_RETAIN_SELF = YES;
				CLANG_WARN_OBJC_LITERAL_CONVERSION = YES;
				CLANG_WARN_OBJC_ROOT_CLASS = YES_ERROR;
				CLANG_WARN_QUOTED_INCLUDE_IN_FRAMEWORK_HEADER = YES;
				CLANG_WARN_RANGE_LOOP_ANALYSIS = YES;
				CLANG_WARN_STRICT_PROTOTYPES = YES;
				CLANG_WARN_SUSPICIOUS_MOVE = YES;
				CLANG_WARN_UNGUARDED_AVAILABILITY = YES_AGGRESSIVE;
				CLANG_WARN_UNREACHABLE_CODE = YES;
				CLANG_WARN__DUPLICATE_METHOD_MATCH = YES;
				COPY_PHASE_STRIP = NO;
				DEBUG_INFORMATION_FORMAT = "dwarf-with-dsym";
				ENABLE_NS_ASSERTIONS = NO;
				ENABLE_STRICT_OBJC_MSGSEND = YES;
				GCC_C_LANGUAGE_STANDARD = gnu11;
				GCC_NO_COMMON_BLOCKS = YES;
				GCC_WARN_64_TO_32_BIT_CONVERSION = YES;
				GCC_WARN_ABOUT_RETURN_TYPE = YES_ERROR;
				GCC_WARN_UNDECLARED_SELECTOR = YES;
				GCC_WARN_UNINITIALIZED_AUTOS = YES_AGGRESSIVE;
				GCC_WARN_UNUSED_FUNCTION = YES;
				GCC_WARN_UNUSED_VARIABLE = YES;
				IPHONEOS_DEPLOYMENT_TARGET = 15.2;
				MTL_ENABLE_DEBUG_INFO = NO;
				MTL_FAST_MATH = YES;
				SDKROOT = iphoneos;
				SWIFT_COMPILATION_MODE = wholemodule;
				SWIFT_OPTIMIZATION_LEVEL = "-O";
				VALIDATE_PRODUCT = YES;
			};
			name = Release;
		};
		CE66ACFB292972A00041813E /* Debug */ = {
			isa = XCBuildConfiguration;
			buildSettings = {
				ASSETCATALOG_COMPILER_APPICON_NAME = AppIcon;
				ASSETCATALOG_COMPILER_GLOBAL_ACCENT_COLOR_NAME = AccentColor;
				CODE_SIGN_STYLE = Automatic;
				CURRENT_PROJECT_VERSION = 1;
				DEVELOPMENT_TEAM = JA6N7M2KUH;
				GENERATE_INFOPLIST_FILE = YES;
				INFOPLIST_FILE = tOSUQuizApp/Info.plist;
				INFOPLIST_KEY_UIApplicationSupportsIndirectInputEvents = YES;
				INFOPLIST_KEY_UILaunchStoryboardName = LaunchScreen;
				INFOPLIST_KEY_UIMainStoryboardFile = Main;
				INFOPLIST_KEY_UISupportedInterfaceOrientations_iPad = "UIInterfaceOrientationPortrait UIInterfaceOrientationPortraitUpsideDown UIInterfaceOrientationLandscapeLeft UIInterfaceOrientationLandscapeRight";
				INFOPLIST_KEY_UISupportedInterfaceOrientations_iPhone = "UIInterfaceOrientationPortrait UIInterfaceOrientationLandscapeLeft UIInterfaceOrientationLandscapeRight";
				LD_RUNPATH_SEARCH_PATHS = (
					"$(inherited)",
					"@executable_path/Frameworks",
				);
				MARKETING_VERSION = 1.0;
				PRODUCT_BUNDLE_IDENTIFIER = project.tOSUQuizApp;
				PRODUCT_NAME = "$(TARGET_NAME)";
				SWIFT_EMIT_LOC_STRINGS = YES;
				SWIFT_VERSION = 5.0;
				TARGETED_DEVICE_FAMILY = "1,2";
			};
			name = Debug;
		};
		CE66ACFC292972A00041813E /* Release */ = {
			isa = XCBuildConfiguration;
			buildSettings = {
				ASSETCATALOG_COMPILER_APPICON_NAME = AppIcon;
				ASSETCATALOG_COMPILER_GLOBAL_ACCENT_COLOR_NAME = AccentColor;
				CODE_SIGN_STYLE = Automatic;
				CURRENT_PROJECT_VERSION = 1;
				DEVELOPMENT_TEAM = JA6N7M2KUH;
				GENERATE_INFOPLIST_FILE = YES;
				INFOPLIST_FILE = tOSUQuizApp/Info.plist;
				INFOPLIST_KEY_UIApplicationSupportsIndirectInputEvents = YES;
				INFOPLIST_KEY_UILaunchStoryboardName = LaunchScreen;
				INFOPLIST_KEY_UIMainStoryboardFile = Main;
				INFOPLIST_KEY_UISupportedInterfaceOrientations_iPad = "UIInterfaceOrientationPortrait UIInterfaceOrientationPortraitUpsideDown UIInterfaceOrientationLandscapeLeft UIInterfaceOrientationLandscapeRight";
				INFOPLIST_KEY_UISupportedInterfaceOrientations_iPhone = "UIInterfaceOrientationPortrait UIInterfaceOrientationLandscapeLeft UIInterfaceOrientationLandscapeRight";
				LD_RUNPATH_SEARCH_PATHS = (
					"$(inherited)",
					"@executable_path/Frameworks",
				);
				MARKETING_VERSION = 1.0;
				PRODUCT_BUNDLE_IDENTIFIER = project.tOSUQuizApp;
				PRODUCT_NAME = "$(TARGET_NAME)";
				SWIFT_EMIT_LOC_STRINGS = YES;
				SWIFT_VERSION = 5.0;
				TARGETED_DEVICE_FAMILY = "1,2";
			};
			name = Release;
		};
		CE66ACFE292972A00041813E /* Debug */ = {
			isa = XCBuildConfiguration;
			buildSettings = {
				ALWAYS_EMBED_SWIFT_STANDARD_LIBRARIES = YES;
				BUNDLE_LOADER = "$(TEST_HOST)";
				CODE_SIGN_STYLE = Automatic;
				CURRENT_PROJECT_VERSION = 1;
				DEVELOPMENT_TEAM = JA6N7M2KUH;
				GENERATE_INFOPLIST_FILE = YES;
				IPHONEOS_DEPLOYMENT_TARGET = 15.2;
				MARKETING_VERSION = 1.0;
				PRODUCT_BUNDLE_IDENTIFIER = project.tOSUQuizAppTests;
				PRODUCT_NAME = "$(TARGET_NAME)";
				SWIFT_EMIT_LOC_STRINGS = NO;
				SWIFT_VERSION = 5.0;
				TARGETED_DEVICE_FAMILY = "1,2";
				TEST_HOST = "$(BUILT_PRODUCTS_DIR)/tOSUQuizApp.app/tOSUQuizApp";
			};
			name = Debug;
		};
		CE66ACFF292972A00041813E /* Release */ = {
			isa = XCBuildConfiguration;
			buildSettings = {
				ALWAYS_EMBED_SWIFT_STANDARD_LIBRARIES = YES;
				BUNDLE_LOADER = "$(TEST_HOST)";
				CODE_SIGN_STYLE = Automatic;
				CURRENT_PROJECT_VERSION = 1;
				DEVELOPMENT_TEAM = JA6N7M2KUH;
				GENERATE_INFOPLIST_FILE = YES;
				IPHONEOS_DEPLOYMENT_TARGET = 15.2;
				MARKETING_VERSION = 1.0;
				PRODUCT_BUNDLE_IDENTIFIER = project.tOSUQuizAppTests;
				PRODUCT_NAME = "$(TARGET_NAME)";
				SWIFT_EMIT_LOC_STRINGS = NO;
				SWIFT_VERSION = 5.0;
				TARGETED_DEVICE_FAMILY = "1,2";
				TEST_HOST = "$(BUILT_PRODUCTS_DIR)/tOSUQuizApp.app/tOSUQuizApp";
			};
			name = Release;
		};
		CE66AD01292972A00041813E /* Debug */ = {
			isa = XCBuildConfiguration;
			buildSettings = {
				ALWAYS_EMBED_SWIFT_STANDARD_LIBRARIES = YES;
				CODE_SIGN_STYLE = Automatic;
				CURRENT_PROJECT_VERSION = 1;
				DEVELOPMENT_TEAM = JA6N7M2KUH;
				GENERATE_INFOPLIST_FILE = YES;
				MARKETING_VERSION = 1.0;
				PRODUCT_BUNDLE_IDENTIFIER = project.tOSUQuizAppUITests;
				PRODUCT_NAME = "$(TARGET_NAME)";
				SWIFT_EMIT_LOC_STRINGS = NO;
				SWIFT_VERSION = 5.0;
				TARGETED_DEVICE_FAMILY = "1,2";
				TEST_TARGET_NAME = tOSUQuizApp;
			};
			name = Debug;
		};
		CE66AD02292972A00041813E /* Release */ = {
			isa = XCBuildConfiguration;
			buildSettings = {
				ALWAYS_EMBED_SWIFT_STANDARD_LIBRARIES = YES;
				CODE_SIGN_STYLE = Automatic;
				CURRENT_PROJECT_VERSION = 1;
				DEVELOPMENT_TEAM = JA6N7M2KUH;
				GENERATE_INFOPLIST_FILE = YES;
				MARKETING_VERSION = 1.0;
				PRODUCT_BUNDLE_IDENTIFIER = project.tOSUQuizAppUITests;
				PRODUCT_NAME = "$(TARGET_NAME)";
				SWIFT_EMIT_LOC_STRINGS = NO;
				SWIFT_VERSION = 5.0;
				TARGETED_DEVICE_FAMILY = "1,2";
				TEST_TARGET_NAME = tOSUQuizApp;
			};
			name = Release;
		};
/* End XCBuildConfiguration section */

/* Begin XCConfigurationList section */
		CE66ACCB2929729D0041813E /* Build configuration list for PBXProject "tOSUQuizApp" */ = {
			isa = XCConfigurationList;
			buildConfigurations = (
				CE66ACF8292972A00041813E /* Debug */,
				CE66ACF9292972A00041813E /* Release */,
			);
			defaultConfigurationIsVisible = 0;
			defaultConfigurationName = Release;
		};
		CE66ACFA292972A00041813E /* Build configuration list for PBXNativeTarget "tOSUQuizApp" */ = {
			isa = XCConfigurationList;
			buildConfigurations = (
				CE66ACFB292972A00041813E /* Debug */,
				CE66ACFC292972A00041813E /* Release */,
			);
			defaultConfigurationIsVisible = 0;
			defaultConfigurationName = Release;
		};
		CE66ACFD292972A00041813E /* Build configuration list for PBXNativeTarget "tOSUQuizAppTests" */ = {
			isa = XCConfigurationList;
			buildConfigurations = (
				CE66ACFE292972A00041813E /* Debug */,
				CE66ACFF292972A00041813E /* Release */,
			);
			defaultConfigurationIsVisible = 0;
			defaultConfigurationName = Release;
		};
		CE66AD00292972A00041813E /* Build configuration list for PBXNativeTarget "tOSUQuizAppUITests" */ = {
			isa = XCConfigurationList;
			buildConfigurations = (
				CE66AD01292972A00041813E /* Debug */,
				CE66AD02292972A00041813E /* Release */,
			);
			defaultConfigurationIsVisible = 0;
			defaultConfigurationName = Release;
		};
/* End XCConfigurationList section */
	};
	rootObject = CE66ACC82929729D0041813E /* Project object */;
}
